
Microsoft Visual Studio Solution File, Format Version 12.00
# Visual Studio Version 17
VisualStudioVersion = 17.0.31903.59
MinimumVisualStudioVersion = 10.0.40219.1
Project("{FAE04EC0-301F-11D3-BF4B-00C04F79EFBC}") = "DataProcessingSim", "src\DataProcessingSim.csproj", "{56794987-29DC-4BF2-B244-FE49A40044E5}"
EndProject
Project("{FAE04EC0-301F-11D3-BF4B-00C04F79EFBC}") = "DataProcessingSim.Tests", "tests\DataProcessingSim.Tests.csproj", "{80DF8CA7-D8DA-420B-B610-BAAA6E989ADE}"
EndProject
Global
	GlobalSection(SolutionConfigurationPlatforms) = preSolution
		Debug|Any CPU = Debug|Any CPU
		Release|Any CPU = Release|Any CPU
	EndGlobalSection
	GlobalSection(SolutionProperties) = preSolution
		HideSolutionNode = FALSE
	EndGlobalSection
	GlobalSection(ProjectConfigurationPlatforms) = postSolution
		{56794987-29DC-4BF2-B244-FE49A40044E5}.Debug|Any CPU.ActiveCfg = Debug|Any CPU
		{56794987-29DC-4BF2-B244-FE49A40044E5}.Debug|Any CPU.Build.0 = Debug|Any CPU
		{56794987-29DC-4BF2-B244-FE49A40044E5}.Release|Any CPU.ActiveCfg = Release|Any CPU
		{56794987-29DC-4BF2-B244-FE49A40044E5}.Release|Any CPU.Build.0 = Release|Any CPU
		{80DF8CA7-D8DA-420B-B610-BAAA6E989ADE}.Debug|Any CPU.ActiveCfg = Debug|Any CPU
		{80DF8CA7-D8DA-420B-B610-BAAA6E989ADE}.Debug|Any CPU.Build.0 = Debug|Any CPU
		{80DF8CA7-D8DA-420B-B610-BAAA6E989ADE}.Release|Any CPU.ActiveCfg = Release|Any CPU
		{80DF8CA7-D8DA-420B-B610-BAAA6E989ADE}.Release|Any CPU.Build.0 = Release|Any CPU
	EndGlobalSection
EndGlobal
